<?xml version="1.0" encoding="utf-8"?>
<Project ToolsVersion="4.0" xmlns="http://schemas.microsoft.com/developer/msbuild/2003">
  <ItemGroup>
    <Filter Include="Header Files">
      <UniqueIdentifier>{93995380-89BD-4b04-88EB-625FBE52EBFB}</UniqueIdentifier>
      <Extensions>h;hpp;hxx;hm;inl;inc;xsd</Extensions>
    </Filter>
    <Filter Include="Header Files\Shared">
      <UniqueIdentifier>{4e4a6a07-d337-42ef-975e-413637bbb864}</UniqueIdentifier>
    </Filter>
    <Filter Include="Source Files">
      <UniqueIdentifier>{4FC737F1-C7A5-4376-A066-2A32D752A2FF}</UniqueIdentifier>
      <Extensions>cpp;c;cc;cxx;def;odl;idl;hpj;bat;asm;asmx</Extensions>
    </Filter>
    <Filter Include="Source Files\Shared">
      <UniqueIdentifier>{82649680-6f01-4f4b-9016-33d2f9930b72}</UniqueIdentifier>
    </Filter>
    <Filter Include="Header Files\Demos">
      <UniqueIdentifier>{4af3086a-f0ad-4421-8647-84b711bdf81f}</UniqueIdentifier>
    </Filter>
    <Filter Include="Source Files\Demos">
      <UniqueIdentifier>{43825ca5-b5e1-402d-a57a-be1b7f41d1ae}</UniqueIdentifier>
    </Filter>
    <Filter Include="Source Files\gxd01u">
      <UniqueIdentifier>{066a03b9-3a82-4f8e-a48c-5f3cf19f0a2a}</UniqueIdentifier>
    </Filter>
    <Filter Include="Header Files\gxd01u">
      <UniqueIdentifier>{2d99f644-03b5-4cb2-b234-290799812080}</UniqueIdentifier>
    </Filter>
    <Filter Include="Source Files\gxd01u\Balls">
      <UniqueIdentifier>{66fbbc4b-8a31-4fdc-a2c2-0feb2b5f691a}</UniqueIdentifier>
    </Filter>
    <Filter Include="Header Files\gxd01u\Balls">
      <UniqueIdentifier>{d8e11521-f457-4016-a942-d7b8cbf064cb}</UniqueIdentifier>
    </Filter>
    <Filter Include="Header Files\gxd01u\Player">
      <UniqueIdentifier>{78e936d2-7f40-4378-bc2c-7dd56aca7fd5}</UniqueIdentifier>
    </Filter>
    <Filter Include="Source Files\gxd01u\Player">
      <UniqueIdentifier>{618c5862-029e-4e2d-b4f9-804d61c674c7}</UniqueIdentifier>
    </Filter>
    <Filter Include="Header Files\Resource Files">
      <UniqueIdentifier>{67DA6AB6-F800-4c08-8B7A-83BB121AAD01}</UniqueIdentifier>
      <Extensions>rc;ico;cur;bmp;dlg;rc2;rct;bin;rgs;gif;jpg;jpeg;jpe;resx;tiff;tif;png;wav</Extensions>
    </Filter>
  </ItemGroup>
  <ItemGroup>
    <ClInclude Include="header.h">
      <Filter>Header Files</Filter>
    </ClInclude>
    <ClInclude Include="BaseEngine.h">
      <Filter>Header Files\Shared</Filter>
    </ClInclude>
    <ClInclude Include="DisplayableObject.h">
      <Filter>Header Files\Shared</Filter>
    </ClInclude>
    <ClInclude Include="FontManager.h">
      <Filter>Header Files\Shared</Filter>
    </ClInclude>
    <ClInclude Include="JPGImage.h">
      <Filter>Header Files\Shared</Filter>
    </ClInclude>
    <ClInclude Include="MovementPosition.h">
      <Filter>Header Files\Shared</Filter>
    </ClInclude>
    <ClInclude Include="templates.h">
      <Filter>Header Files\Shared</Filter>
    </ClInclude>
    <ClInclude Include="TileManager.h">
      <Filter>Header Files\Shared</Filter>
    </ClInclude>
    <ClInclude Include="BouncingBall.h">
      <Filter>Header Files\Demos</Filter>
    </ClInclude>
    <ClInclude Include="BouncingBallMain.h">
      <Filter>Header Files\Demos</Filter>
    </ClInclude>
    <ClInclude Include="Demo2Main.h">
      <Filter>Header Files\Demos</Filter>
    </ClInclude>
    <ClInclude Include="Demo2Object.h">
      <Filter>Header Files\Demos</Filter>
    </ClInclude>
    <ClInclude Include="Demo2TileManager.h">
      <Filter>Header Files\Demos</Filter>
    </ClInclude>
    <ClInclude Include="Demo3Main.h">
      <Filter>Header Files\Demos</Filter>
    </ClInclude>
    <ClInclude Include="Demo3Object.h">
      <Filter>Header Files\Demos</Filter>
    </ClInclude>
    <ClInclude Include="Demo3ObjectFinished.h">
      <Filter>Header Files\Demos</Filter>
    </ClInclude>
    <ClInclude Include="Demo3TileManager.h">
      <Filter>Header Files\Demos</Filter>
    </ClInclude>
    <ClInclude Include="Demo4Main.h">
      <Filter>Header Files\Demos</Filter>
    </ClInclude>
    <ClInclude Include="Demo4Object.h">
      <Filter>Header Files\Demos</Filter>
    </ClInclude>
    <ClInclude Include="Demo4TileManager.h">
      <Filter>Header Files\Demos</Filter>
    </ClInclude>
    <ClInclude Include="Demo1Main.h">
      <Filter>Header Files\Demos</Filter>
    </ClInclude>
    <ClInclude Include="SimpleDemo.h">
      <Filter>Header Files\Demos</Filter>
    </ClInclude>
    <ClInclude Include="DemoAMain.h">
      <Filter>Header Files\Demos</Filter>
    </ClInclude>
    <ClInclude Include="DemoBObject.h">
      <Filter>Header Files\Demos</Filter>
    </ClInclude>
    <ClInclude Include="Gxd01uMain.h">
      <Filter>Header Files\gxd01u</Filter>
    </ClInclude>
    <ClInclude Include="Gxd01uTileManager.h">
      <Filter>Header Files\gxd01u</Filter>
    </ClInclude>
    <ClInclude Include="Gxd01uBallA.h">
      <Filter>Header Files\gxd01u\Balls</Filter>
    </ClInclude>
    <ClInclude Include="Gxd01uBallB.h">
      <Filter>Header Files\gxd01u\Balls</Filter>
    </ClInclude>
    <ClInclude Include="Gxd01uBallBase.h">
      <Filter>Header Files\gxd01u\Balls</Filter>
    </ClInclude>
    <ClInclude Include="Gxd01uPlayer.h">
      <Filter>Header Files\gxd01u\Player</Filter>
    </ClInclude>
    <ClInclude Include="Gxd01uScrollBg.h">
      <Filter>Header Files\gxd01u</Filter>
    </ClInclude>
  </ItemGroup>
  <ItemGroup>
    <ClCompile Include="mainfunction.cpp">
      <Filter>Source Files</Filter>
    </ClCompile>
    <ClCompile Include="DisplayableObject.cpp">
      <Filter>Source Files\Shared</Filter>
    </ClCompile>
    <ClCompile Include="FontManager.cpp">
      <Filter>Source Files\Shared</Filter>
    </ClCompile>
    <ClCompile Include="JPGImage.cpp">
      <Filter>Source Files\Shared</Filter>
    </ClCompile>
    <ClCompile Include="TileManager.cpp">
      <Filter>Source Files\Shared</Filter>
    </ClCompile>
    <ClCompile Include="BouncingBall.cpp">
      <Filter>Source Files\Demos</Filter>
    </ClCompile>
    <ClCompile Include="BouncingBallMain.cpp">
      <Filter>Source Files\Demos</Filter>
    </ClCompile>
    <ClCompile Include="Demo2Main.cpp">
      <Filter>Source Files\Demos</Filter>
    </ClCompile>
    <ClCompile Include="Demo2Object.cpp">
      <Filter>Source Files\Demos</Filter>
    </ClCompile>
    <ClCompile Include="Demo2TileManager.cpp">
      <Filter>Source Files\Demos</Filter>
    </ClCompile>
    <ClCompile Include="Demo3Main.cpp">
      <Filter>Source Files\Demos</Filter>
    </ClCompile>
    <ClCompile Include="Demo3Object.cpp">
      <Filter>Source Files\Demos</Filter>
    </ClCompile>
    <ClCompile Include="Demo3ObjectFinished.cpp">
      <Filter>Source Files\Demos</Filter>
    </ClCompile>
    <ClCompile Include="Demo3TileManager.cpp">
      <Filter>Source Files\Demos</Filter>
    </ClCompile>
    <ClCompile Include="Demo4Object.cpp">
      <Filter>Source Files\Demos</Filter>
    </ClCompile>
    <ClCompile Include="Demo4TileManager.cpp">
      <Filter>Source Files\Demos</Filter>
    </ClCompile>
    <ClCompile Include="Demo1Main.cpp">
      <Filter>Source Files\Demos</Filter>
    </ClCompile>
    <ClCompile Include="SimpleDemo.cpp">
      <Filter>Source Files\Demos</Filter>
    </ClCompile>
    <ClCompile Include="DemoAMain.cpp">
      <Filter>Source Files\Demos</Filter>
    </ClCompile>
    <ClCompile Include="DemoBObject.cpp">
      <Filter>Source Files\Demos</Filter>
    </ClCompile>
    <ClCompile Include="Demo4Main.cpp">
      <Filter>Source Files\Demos</Filter>
    </ClCompile>
    <ClCompile Include="Gxd01uMain.cpp">
      <Filter>Source Files\gxd01u</Filter>
    </ClCompile>
    <ClCompile Include="Gxd01uTileManager.cpp">
      <Filter>Source Files\gxd01u</Filter>
    </ClCompile>
    <ClCompile Include="Gxd01uBallA.cpp">
      <Filter>Source Files\gxd01u\Balls</Filter>
    </ClCompile>
    <ClCompile Include="Gxd01uBallB.cpp">
      <Filter>Source Files\gxd01u\Balls</Filter>
    </ClCompile>
    <ClCompile Include="Gxd01uBallBase.cpp">
      <Filter>Source Files\gxd01u\Balls</Filter>
    </ClCompile>
    <ClCompile Include="Gxd01uPlayer.cpp">
      <Filter>Source Files\gxd01u\Player</Filter>
    </ClCompile>
    <ClCompile Include="Gxd01uScrollBg.cpp">
      <Filter>Source Files\gxd01u</Filter>
    </ClCompile>
    <ClCompile Include="BaseEngine.cpp">
      <Filter>Source Files\Shared</Filter>
    </ClCompile>
  </ItemGroup>
  <ItemGroup>
    <None Include="ClassDiagram.cd" />
  </ItemGroup>
</Project>